
Microsoft Visual Studio Solution File, Format Version 12.00
# Visual Studio Version 16
VisualStudioVersion = 16.0.30114.105
MinimumVisualStudioVersion = 10.0.40219.1
Project("{FAE04EC0-301F-11D3-BF4B-00C04F79EFBC}") = "Exercicio1", "Exercicio1\Exercicio1.csproj", "{41FEA58E-D157-4801-A34D-DA107AECEB06}"
EndProject
Project("{FAE04EC0-301F-11D3-BF4B-00C04F79EFBC}") = "Exercicio2", "Exercicio2\Exercicio2.csproj", "{8EA2F4E5-0522-48A9-8029-609A28280FE6}"
EndProject
Global
	GlobalSection(SolutionConfigurationPlatforms) = preSolution
		Debug|Any CPU = Debug|Any CPU
		Debug|x64 = Debug|x64
		Debug|x86 = Debug|x86
		Release|Any CPU = Release|Any CPU
		Release|x64 = Release|x64
		Release|x86 = Release|x86
	EndGlobalSection
	GlobalSection(SolutionProperties) = preSolution
		HideSolutionNode = FALSE
	EndGlobalSection
	GlobalSection(ProjectConfigurationPlatforms) = postSolution
		{41FEA58E-D157-4801-A34D-DA107AECEB06}.Debug|Any CPU.ActiveCfg = Debug|Any CPU
		{41FEA58E-D157-4801-A34D-DA107AECEB06}.Debug|Any CPU.Build.0 = Debug|Any CPU
		{41FEA58E-D157-4801-A34D-DA107AECEB06}.Debug|x64.ActiveCfg = Debug|Any CPU
		{41FEA58E-D157-4801-A34D-DA107AECEB06}.Debug|x64.Build.0 = Debug|Any CPU
		{41FEA58E-D157-4801-A34D-DA107AECEB06}.Debug|x86.ActiveCfg = Debug|Any CPU
		{41FEA58E-D157-4801-A34D-DA107AECEB06}.Debug|x86.Build.0 = Debug|Any CPU
		{41FEA58E-D157-4801-A34D-DA107AECEB06}.Release|Any CPU.ActiveCfg = Release|Any CPU
		{41FEA58E-D157-4801-A34D-DA107AECEB06}.Release|Any CPU.Build.0 = Release|Any CPU
		{41FEA58E-D157-4801-A34D-DA107AECEB06}.Release|x64.ActiveCfg = Release|Any CPU
		{41FEA58E-D157-4801-A34D-DA107AECEB06}.Release|x64.Build.0 = Release|Any CPU
		{41FEA58E-D157-4801-A34D-DA107AECEB06}.Release|x86.ActiveCfg = Release|Any CPU
		{41FEA58E-D157-4801-A34D-DA107AECEB06}.Release|x86.Build.0 = Release|Any CPU
		{8EA2F4E5-0522-48A9-8029-609A28280FE6}.Debug|Any CPU.ActiveCfg = Debug|Any CPU
		{8EA2F4E5-0522-48A9-8029-609A28280FE6}.Debug|Any CPU.Build.0 = Debug|Any CPU
		{8EA2F4E5-0522-48A9-8029-609A28280FE6}.Debug|x64.ActiveCfg = Debug|Any CPU
		{8EA2F4E5-0522-48A9-8029-609A28280FE6}.Debug|x64.Build.0 = Debug|Any CPU
		{8EA2F4E5-0522-48A9-8029-609A28280FE6}.Debug|x86.ActiveCfg = Debug|Any CPU
		{8EA2F4E5-0522-48A9-8029-609A28280FE6}.Debug|x86.Build.0 = Debug|Any CPU
		{8EA2F4E5-0522-48A9-8029-609A28280FE6}.Release|Any CPU.ActiveCfg = Release|Any CPU
		{8EA2F4E5-0522-48A9-8029-609A28280FE6}.Release|Any CPU.Build.0 = Release|Any CPU
		{8EA2F4E5-0522-48A9-8029-609A28280FE6}.Release|x64.ActiveCfg = Release|Any CPU
		{8EA2F4E5-0522-48A9-8029-609A28280FE6}.Release|x64.Build.0 = Release|Any CPU
		{8EA2F4E5-0522-48A9-8029-609A28280FE6}.Release|x86.ActiveCfg = Release|Any CPU
		{8EA2F4E5-0522-48A9-8029-609A28280FE6}.Release|x86.Build.0 = Release|Any CPU
	EndGlobalSection
EndGlobal
